
Microsoft Visual Studio Solution File, Format Version 12.00
# Visual Studio Version 16
VisualStudioVersion = 25.0.1706.4
MinimumVisualStudioVersion = 10.0.40219.1
Project("{FAE04EC0-301F-11D3-BF4B-00C04F79EFBC}") = "tedbrownxr.github.io", "tedbrownxr.github.io.csproj", "{E6FEBB98-E438-48A7-BC7C-0DFE56E8D40F}"
EndProject
Global
	GlobalSection(SolutionConfigurationPlatforms) = preSolution
		Debug|Any CPU = Debug|Any CPU
		Release|Any CPU = Release|Any CPU
	EndGlobalSection
	GlobalSection(ProjectConfigurationPlatforms) = postSolution
		{E6FEBB98-E438-48A7-BC7C-0DFE56E8D40F}.Debug|Any CPU.ActiveCfg = Debug|Any CPU
		{E6FEBB98-E438-48A7-BC7C-0DFE56E8D40F}.Debug|Any CPU.Build.0 = Debug|Any CPU
		{E6FEBB98-E438-48A7-BC7C-0DFE56E8D40F}.Release|Any CPU.ActiveCfg = Release|Any CPU
		{E6FEBB98-E438-48A7-BC7C-0DFE56E8D40F}.Release|Any CPU.Build.0 = Release|Any CPU
	EndGlobalSection
	GlobalSection(SolutionProperties) = preSolution
		HideSolutionNode = FALSE
	EndGlobalSection
	GlobalSection(ExtensibilityGlobals) = postSolution
		SolutionGuid = {1E4A42C0-66A3-48CE-94D4-86D232750063}
	EndGlobalSection
EndGlobal
